// !$*UTF8*$!
{
	archiveVersion = 1;
	classes = {
	};
	objectVersion = 56;
	objects = {

/* Begin PBXBuildFile section */
		5E4E8ACC2AB49409008E1C2D /* music_gameApp.swift in Sources */ = {isa = PBXBuildFile; fileRef = 5E4E8ACB2AB49409008E1C2D /* music_gameApp.swift */; };
		5E4E8ACE2AB49409008E1C2D /* ContentView.swift in Sources */ = {isa = PBXBuildFile; fileRef = 5E4E8ACD2AB49409008E1C2D /* ContentView.swift */; };
		5E4E8AD02AB4940B008E1C2D /* Assets.xcassets in Resources */ = {isa = PBXBuildFile; fileRef = 5E4E8ACF2AB4940B008E1C2D /* Assets.xcassets */; };
		5E4E8AD42AB4940B008E1C2D /* Preview Assets.xcassets in Resources */ = {isa = PBXBuildFile; fileRef = 5E4E8AD32AB4940B008E1C2D /* Preview Assets.xcassets */; };
		5E4E8ADE2AB4940B008E1C2D /* music_gameTests.swift in Sources */ = {isa = PBXBuildFile; fileRef = 5E4E8ADD2AB4940B008E1C2D /* music_gameTests.swift */; };
		5E4E8AE82AB4940B008E1C2D /* music_gameUITests.swift in Sources */ = {isa = PBXBuildFile; fileRef = 5E4E8AE72AB4940B008E1C2D /* music_gameUITests.swift */; };
		5E4E8AEA2AB4940B008E1C2D /* music_gameUITestsLaunchTests.swift in Sources */ = {isa = PBXBuildFile; fileRef = 5E4E8AE92AB4940B008E1C2D /* music_gameUITestsLaunchTests.swift */; };
		5E4E8B7F2ABD8EEB008E1C2D /* gameData.json in Resources */ = {isa = PBXBuildFile; fileRef = 5E4E8B7E2ABD8EEB008E1C2D /* gameData.json */; };
		5E4E8B812ABD904C008E1C2D /* SongDetail.swift in Sources */ = {isa = PBXBuildFile; fileRef = 5E4E8B802ABD904C008E1C2D /* SongDetail.swift */; };
		5E4E8B852ABD908E008E1C2D /* ModelData.swift in Sources */ = {isa = PBXBuildFile; fileRef = 5E4E8B842ABD908E008E1C2D /* ModelData.swift */; };
		5E4E8B872ABD90D2008E1C2D /* Song.swift in Sources */ = {isa = PBXBuildFile; fileRef = 5E4E8B862ABD90D2008E1C2D /* Song.swift */; };
		5E4E8B892ABD9239008E1C2D /* SongList.swift in Sources */ = {isa = PBXBuildFile; fileRef = 5E4E8B882ABD9239008E1C2D /* SongList.swift */; };
		5E4E8B8B2ABD9394008E1C2D /* SongRow.swift in Sources */ = {isa = PBXBuildFile; fileRef = 5E4E8B8A2ABD9394008E1C2D /* SongRow.swift */; };
		5E4E8B8D2ABD9C22008E1C2D /* PlaylistList.swift in Sources */ = {isa = PBXBuildFile; fileRef = 5E4E8B8C2ABD9C22008E1C2D /* PlaylistList.swift */; };
		5E4E8B942ABD9DE2008E1C2D /* PlaylistRow.swift in Sources */ = {isa = PBXBuildFile; fileRef = 5E4E8B932ABD9DE2008E1C2D /* PlaylistRow.swift */; };
		5E4E8B972ABDD891008E1C2D /* CorrectButton.swift in Sources */ = {isa = PBXBuildFile; fileRef = 5E4E8B962ABDD891008E1C2D /* CorrectButton.swift */; };
		5EB9DA6A2AE2CFDA0072D1FC /* TimerView.swift in Sources */ = {isa = PBXBuildFile; fileRef = 5EB9DA692AE2CFDA0072D1FC /* TimerView.swift */; };
		5EBFD4A22B060A5000DFAE62 /* PlaylistDoneButton.swift in Sources */ = {isa = PBXBuildFile; fileRef = 5EBFD4A12B060A5000DFAE62 /* PlaylistDoneButton.swift */; };
		5EBFD4A62B0CC3BE00DFAE62 /* Score.swift in Sources */ = {isa = PBXBuildFile; fileRef = 5EBFD4A52B0CC3BE00DFAE62 /* Score.swift */; };
		5EBFD4A82B0CEDA100DFAE62 /* ProfileView.swift in Sources */ = {isa = PBXBuildFile; fileRef = 5EBFD4A72B0CEDA100DFAE62 /* ProfileView.swift */; };
		5EBFD4AA2B0CF07E00DFAE62 /* TeamAButton.swift in Sources */ = {isa = PBXBuildFile; fileRef = 5EBFD4A92B0CF07E00DFAE62 /* TeamAButton.swift */; };
		5EBFD4AC2B0CF46300DFAE62 /* TeamBButton.swift in Sources */ = {isa = PBXBuildFile; fileRef = 5EBFD4AB2B0CF46300DFAE62 /* TeamBButton.swift */; };
		5EC5A9762AD82FA100F3849E /* WrongButton.swift in Sources */ = {isa = PBXBuildFile; fileRef = 5EC5A9752AD82FA000F3849E /* WrongButton.swift */; };
		5EC5A97A2AD83CB800F3849E /* User.swift in Sources */ = {isa = PBXBuildFile; fileRef = 5EC5A9792AD83CB800F3849E /* User.swift */; };
/* End PBXBuildFile section */

/* Begin PBXContainerItemProxy section */
		5E4E8ADA2AB4940B008E1C2D /* PBXContainerItemProxy */ = {
			isa = PBXContainerItemProxy;
			containerPortal = 5E4E8AC02AB49409008E1C2D /* Project object */;
			proxyType = 1;
			remoteGlobalIDString = 5E4E8AC72AB49409008E1C2D;
			remoteInfo = music_game;
		};
		5E4E8AE42AB4940B008E1C2D /* PBXContainerItemProxy */ = {
			isa = PBXContainerItemProxy;
			containerPortal = 5E4E8AC02AB49409008E1C2D /* Project object */;
			proxyType = 1;
			remoteGlobalIDString = 5E4E8AC72AB49409008E1C2D;
			remoteInfo = music_game;
		};
/* End PBXContainerItemProxy section */

/* Begin PBXFileReference section */
		5E4E8AC82AB49409008E1C2D /* music_game.app */ = {isa = PBXFileReference; explicitFileType = wrapper.application; includeInIndex = 0; path = music_game.app; sourceTree = BUILT_PRODUCTS_DIR; };
		5E4E8ACB2AB49409008E1C2D /* music_gameApp.swift */ = {isa = PBXFileReference; lastKnownFileType = sourcecode.swift; path = music_gameApp.swift; sourceTree = "<group>"; };
		5E4E8ACD2AB49409008E1C2D /* ContentView.swift */ = {isa = PBXFileReference; lastKnownFileType = sourcecode.swift; path = ContentView.swift; sourceTree = "<group>"; };
		5E4E8ACF2AB4940B008E1C2D /* Assets.xcassets */ = {isa = PBXFileReference; lastKnownFileType = folder.assetcatalog; path = Assets.xcassets; sourceTree = "<group>"; };
		5E4E8AD12AB4940B008E1C2D /* music_game.entitlements */ = {isa = PBXFileReference; lastKnownFileType = text.plist.entitlements; path = music_game.entitlements; sourceTree = "<group>"; };
		5E4E8AD32AB4940B008E1C2D /* Preview Assets.xcassets */ = {isa = PBXFileReference; lastKnownFileType = folder.assetcatalog; path = "Preview Assets.xcassets"; sourceTree = "<group>"; };
		5E4E8AD92AB4940B008E1C2D /* music_gameTests.xctest */ = {isa = PBXFileReference; explicitFileType = wrapper.cfbundle; includeInIndex = 0; path = music_gameTests.xctest; sourceTree = BUILT_PRODUCTS_DIR; };
		5E4E8ADD2AB4940B008E1C2D /* music_gameTests.swift */ = {isa = PBXFileReference; lastKnownFileType = sourcecode.swift; path = music_gameTests.swift; sourceTree = "<group>"; };
		5E4E8AE32AB4940B008E1C2D /* music_gameUITests.xctest */ = {isa = PBXFileReference; explicitFileType = wrapper.cfbundle; includeInIndex = 0; path = music_gameUITests.xctest; sourceTree = BUILT_PRODUCTS_DIR; };
		5E4E8AE72AB4940B008E1C2D /* music_gameUITests.swift */ = {isa = PBXFileReference; lastKnownFileType = sourcecode.swift; path = music_gameUITests.swift; sourceTree = "<group>"; };
		5E4E8AE92AB4940B008E1C2D /* music_gameUITestsLaunchTests.swift */ = {isa = PBXFileReference; lastKnownFileType = sourcecode.swift; path = music_gameUITestsLaunchTests.swift; sourceTree = "<group>"; };
		5E4E8B7E2ABD8EEB008E1C2D /* gameData.json */ = {isa = PBXFileReference; lastKnownFileType = text.json; path = gameData.json; sourceTree = "<group>"; };
		5E4E8B802ABD904C008E1C2D /* SongDetail.swift */ = {isa = PBXFileReference; lastKnownFileType = sourcecode.swift; path = SongDetail.swift; sourceTree = "<group>"; };
		5E4E8B842ABD908E008E1C2D /* ModelData.swift */ = {isa = PBXFileReference; lastKnownFileType = sourcecode.swift; path = ModelData.swift; sourceTree = "<group>"; };
		5E4E8B862ABD90D2008E1C2D /* Song.swift */ = {isa = PBXFileReference; lastKnownFileType = sourcecode.swift; path = Song.swift; sourceTree = "<group>"; };
		5E4E8B882ABD9239008E1C2D /* SongList.swift */ = {isa = PBXFileReference; lastKnownFileType = sourcecode.swift; path = SongList.swift; sourceTree = "<group>"; };
		5E4E8B8A2ABD9394008E1C2D /* SongRow.swift */ = {isa = PBXFileReference; lastKnownFileType = sourcecode.swift; path = SongRow.swift; sourceTree = "<group>"; };
		5E4E8B8C2ABD9C22008E1C2D /* PlaylistList.swift */ = {isa = PBXFileReference; lastKnownFileType = sourcecode.swift; path = PlaylistList.swift; sourceTree = "<group>"; };
		5E4E8B932ABD9DE2008E1C2D /* PlaylistRow.swift */ = {isa = PBXFileReference; lastKnownFileType = sourcecode.swift; path = PlaylistRow.swift; sourceTree = "<group>"; };
		5E4E8B962ABDD891008E1C2D /* CorrectButton.swift */ = {isa = PBXFileReference; lastKnownFileType = sourcecode.swift; path = CorrectButton.swift; sourceTree = "<group>"; };
		5EB9DA692AE2CFDA0072D1FC /* TimerView.swift */ = {isa = PBXFileReference; lastKnownFileType = sourcecode.swift; path = TimerView.swift; sourceTree = "<group>"; };
		5EBFD4A12B060A5000DFAE62 /* PlaylistDoneButton.swift */ = {isa = PBXFileReference; lastKnownFileType = sourcecode.swift; path = PlaylistDoneButton.swift; sourceTree = "<group>"; };
		5EBFD4A52B0CC3BE00DFAE62 /* Score.swift */ = {isa = PBXFileReference; lastKnownFileType = sourcecode.swift; path = Score.swift; sourceTree = "<group>"; };
		5EBFD4A72B0CEDA100DFAE62 /* ProfileView.swift */ = {isa = PBXFileReference; lastKnownFileType = sourcecode.swift; path = ProfileView.swift; sourceTree = "<group>"; };
		5EBFD4A92B0CF07E00DFAE62 /* TeamAButton.swift */ = {isa = PBXFileReference; lastKnownFileType = sourcecode.swift; path = TeamAButton.swift; sourceTree = "<group>"; };
		5EBFD4AB2B0CF46300DFAE62 /* TeamBButton.swift */ = {isa = PBXFileReference; lastKnownFileType = sourcecode.swift; path = TeamBButton.swift; sourceTree = "<group>"; };
		5EC5A9752AD82FA000F3849E /* WrongButton.swift */ = {isa = PBXFileReference; lastKnownFileType = sourcecode.swift; path = WrongButton.swift; sourceTree = "<group>"; };
		5EC5A9792AD83CB800F3849E /* User.swift */ = {isa = PBXFileReference; lastKnownFileType = sourcecode.swift; path = User.swift; sourceTree = "<group>"; };
/* End PBXFileReference section */

/* Begin PBXFrameworksBuildPhase section */
		5E4E8AC52AB49409008E1C2D /* Frameworks */ = {
			isa = PBXFrameworksBuildPhase;
			buildActionMask = 2147483647;
			files = (
			);
			runOnlyForDeploymentPostprocessing = 0;
		};
		5E4E8AD62AB4940B008E1C2D /* Frameworks */ = {
			isa = PBXFrameworksBuildPhase;
			buildActionMask = 2147483647;
			files = (
			);
			runOnlyForDeploymentPostprocessing = 0;
		};
		5E4E8AE02AB4940B008E1C2D /* Frameworks */ = {
			isa = PBXFrameworksBuildPhase;
			buildActionMask = 2147483647;
			files = (
			);
			runOnlyForDeploymentPostprocessing = 0;
		};
/* End PBXFrameworksBuildPhase section */

/* Begin PBXGroup section */
		5E4E8ABF2AB49409008E1C2D = {
			isa = PBXGroup;
			children = (
				5E4E8ACA2AB49409008E1C2D /* music_game */,
				5E4E8ADC2AB4940B008E1C2D /* music_gameTests */,
				5E4E8AE62AB4940B008E1C2D /* music_gameUITests */,
				5E4E8AC92AB49409008E1C2D /* Products */,
			);
			sourceTree = "<group>";
		};
		5E4E8AC92AB49409008E1C2D /* Products */ = {
			isa = PBXGroup;
			children = (
				5E4E8AC82AB49409008E1C2D /* music_game.app */,
				5E4E8AD92AB4940B008E1C2D /* music_gameTests.xctest */,
				5E4E8AE32AB4940B008E1C2D /* music_gameUITests.xctest */,
			);
			name = Products;
			sourceTree = "<group>";
		};
		5E4E8ACA2AB49409008E1C2D /* music_game */ = {
			isa = PBXGroup;
			children = (
				5E4E8ACB2AB49409008E1C2D /* music_gameApp.swift */,
				5E4E8ACF2AB4940B008E1C2D /* Assets.xcassets */,
				5E4E8B7D2ABD8E7A008E1C2D /* Ressources */,
				5E4E8B7B2ABD8A16008E1C2D /* Views */,
				5E4E8B952ABDD875008E1C2D /* Helpers */,
				5E4E8B832ABD9079008E1C2D /* Model */,
				5E4E8AD12AB4940B008E1C2D /* music_game.entitlements */,
				5E4E8AD22AB4940B008E1C2D /* Preview Content */,
			);
			path = music_game;
			sourceTree = "<group>";
		};
		5E4E8AD22AB4940B008E1C2D /* Preview Content */ = {
			isa = PBXGroup;
			children = (
				5E4E8AD32AB4940B008E1C2D /* Preview Assets.xcassets */,
			);
			path = "Preview Content";
			sourceTree = "<group>";
		};
		5E4E8ADC2AB4940B008E1C2D /* music_gameTests */ = {
			isa = PBXGroup;
			children = (
				5E4E8ADD2AB4940B008E1C2D /* music_gameTests.swift */,
			);
			path = music_gameTests;
			sourceTree = "<group>";
		};
		5E4E8AE62AB4940B008E1C2D /* music_gameUITests */ = {
			isa = PBXGroup;
			children = (
				5E4E8AE72AB4940B008E1C2D /* music_gameUITests.swift */,
				5E4E8AE92AB4940B008E1C2D /* music_gameUITestsLaunchTests.swift */,
			);
			path = music_gameUITests;
			sourceTree = "<group>";
		};
		5E4E8B7B2ABD8A16008E1C2D /* Views */ = {
			isa = PBXGroup;
			children = (
				5E4E8ACD2AB49409008E1C2D /* ContentView.swift */,
				5EBFD4A72B0CEDA100DFAE62 /* ProfileView.swift */,
				5E574B2D2AC19583005D5C61 /* PlaylistLevel */,
				5E4E8B8E2ABD9C26008E1C2D /* SongLevel */,
			);
			path = Views;
			sourceTree = "<group>";
		};
		5E4E8B7D2ABD8E7A008E1C2D /* Ressources */ = {
			isa = PBXGroup;
			children = (
				5E4E8B7E2ABD8EEB008E1C2D /* gameData.json */,
			);
			path = Ressources;
			sourceTree = "<group>";
		};
		5E4E8B832ABD9079008E1C2D /* Model */ = {
			isa = PBXGroup;
			children = (
				5E4E8B842ABD908E008E1C2D /* ModelData.swift */,
				5E4E8B862ABD90D2008E1C2D /* Song.swift */,
				5EC5A9792AD83CB800F3849E /* User.swift */,
			);
			path = Model;
			sourceTree = "<group>";
		};
		5E4E8B8E2ABD9C26008E1C2D /* SongLevel */ = {
			isa = PBXGroup;
			children = (
				5E4E8B8A2ABD9394008E1C2D /* SongRow.swift */,
				5E4E8B882ABD9239008E1C2D /* SongList.swift */,
				5E4E8B802ABD904C008E1C2D /* SongDetail.swift */,
			);
			name = SongLevel;
			sourceTree = "<group>";
		};
		5E4E8B952ABDD875008E1C2D /* Helpers */ = {
			isa = PBXGroup;
			children = (
				5EB9DA692AE2CFDA0072D1FC /* TimerView.swift */,
				5EBFD4A52B0CC3BE00DFAE62 /* Score.swift */,
				5EBFD4A92B0CF07E00DFAE62 /* TeamAButton.swift */,
				5EBFD4AB2B0CF46300DFAE62 /* TeamBButton.swift */,
				5E4E8B962ABDD891008E1C2D /* CorrectButton.swift */,
				5EC5A9752AD82FA000F3849E /* WrongButton.swift */,
				5EBFD4A12B060A5000DFAE62 /* PlaylistDoneButton.swift */,
			);
			path = Helpers;
			sourceTree = "<group>";
		};
		5E574B2D2AC19583005D5C61 /* PlaylistLevel */ = {
			isa = PBXGroup;
			children = (
				5E4E8B932ABD9DE2008E1C2D /* PlaylistRow.swift */,
				5E4E8B8C2ABD9C22008E1C2D /* PlaylistList.swift */,
			);
			name = PlaylistLevel;
			sourceTree = "<group>";
		};
/* End PBXGroup section */

/* Begin PBXNativeTarget section */
		5E4E8AC72AB49409008E1C2D /* music_game */ = {
			isa = PBXNativeTarget;
			buildConfigurationList = 5E4E8AED2AB4940B008E1C2D /* Build configuration list for PBXNativeTarget "music_game" */;
			buildPhases = (
				5E4E8AC42AB49409008E1C2D /* Sources */,
				5E4E8AC52AB49409008E1C2D /* Frameworks */,
				5E4E8AC62AB49409008E1C2D /* Resources */,
			);
			buildRules = (
			);
			dependencies = (
			);
			name = music_game;
			productName = music_game;
			productReference = 5E4E8AC82AB49409008E1C2D /* music_game.app */;
			productType = "com.apple.product-type.application";
		};
		5E4E8AD82AB4940B008E1C2D /* music_gameTests */ = {
			isa = PBXNativeTarget;
			buildConfigurationList = 5E4E8AF02AB4940B008E1C2D /* Build configuration list for PBXNativeTarget "music_gameTests" */;
			buildPhases = (
				5E4E8AD52AB4940B008E1C2D /* Sources */,
				5E4E8AD62AB4940B008E1C2D /* Frameworks */,
				5E4E8AD72AB4940B008E1C2D /* Resources */,
			);
			buildRules = (
			);
			dependencies = (
				5E4E8ADB2AB4940B008E1C2D /* PBXTargetDependency */,
			);
			name = music_gameTests;
			productName = music_gameTests;
			productReference = 5E4E8AD92AB4940B008E1C2D /* music_gameTests.xctest */;
			productType = "com.apple.product-type.bundle.unit-test";
		};
		5E4E8AE22AB4940B008E1C2D /* music_gameUITests */ = {
			isa = PBXNativeTarget;
			buildConfigurationList = 5E4E8AF32AB4940B008E1C2D /* Build configuration list for PBXNativeTarget "music_gameUITests" */;
			buildPhases = (
				5E4E8ADF2AB4940B008E1C2D /* Sources */,
				5E4E8AE02AB4940B008E1C2D /* Frameworks */,
				5E4E8AE12AB4940B008E1C2D /* Resources */,
			);
			buildRules = (
			);
			dependencies = (
				5E4E8AE52AB4940B008E1C2D /* PBXTargetDependency */,
			);
			name = music_gameUITests;
			productName = music_gameUITests;
			productReference = 5E4E8AE32AB4940B008E1C2D /* music_gameUITests.xctest */;
			productType = "com.apple.product-type.bundle.ui-testing";
		};
/* End PBXNativeTarget section */

/* Begin PBXProject section */
		5E4E8AC02AB49409008E1C2D /* Project object */ = {
			isa = PBXProject;
			attributes = {
				BuildIndependentTargetsInParallel = 1;
				LastSwiftUpdateCheck = 1430;
				LastUpgradeCheck = 1500;
				TargetAttributes = {
					5E4E8AC72AB49409008E1C2D = {
						CreatedOnToolsVersion = 14.3.1;
					};
					5E4E8AD82AB4940B008E1C2D = {
						CreatedOnToolsVersion = 14.3.1;
						TestTargetID = 5E4E8AC72AB49409008E1C2D;
					};
					5E4E8AE22AB4940B008E1C2D = {
						CreatedOnToolsVersion = 14.3.1;
						TestTargetID = 5E4E8AC72AB49409008E1C2D;
					};
				};
			};
			buildConfigurationList = 5E4E8AC32AB49409008E1C2D /* Build configuration list for PBXProject "music_game" */;
			compatibilityVersion = "Xcode 14.0";
			developmentRegion = en;
			hasScannedForEncodings = 0;
			knownRegions = (
				en,
				Base,
			);
			mainGroup = 5E4E8ABF2AB49409008E1C2D;
			productRefGroup = 5E4E8AC92AB49409008E1C2D /* Products */;
			projectDirPath = "";
			projectRoot = "";
			targets = (
				5E4E8AC72AB49409008E1C2D /* music_game */,
				5E4E8AD82AB4940B008E1C2D /* music_gameTests */,
				5E4E8AE22AB4940B008E1C2D /* music_gameUITests */,
			);
		};
/* End PBXProject section */

/* Begin PBXResourcesBuildPhase section */
		5E4E8AC62AB49409008E1C2D /* Resources */ = {
			isa = PBXResourcesBuildPhase;
			buildActionMask = 2147483647;
			files = (
				5E4E8B7F2ABD8EEB008E1C2D /* gameData.json in Resources */,
				5E4E8AD42AB4940B008E1C2D /* Preview Assets.xcassets in Resources */,
				5E4E8AD02AB4940B008E1C2D /* Assets.xcassets in Resources */,
			);
			runOnlyForDeploymentPostprocessing = 0;
		};
		5E4E8AD72AB4940B008E1C2D /* Resources */ = {
			isa = PBXResourcesBuildPhase;
			buildActionMask = 2147483647;
			files = (
			);
			runOnlyForDeploymentPostprocessing = 0;
		};
		5E4E8AE12AB4940B008E1C2D /* Resources */ = {
			isa = PBXResourcesBuildPhase;
			buildActionMask = 2147483647;
			files = (
			);
			runOnlyForDeploymentPostprocessing = 0;
		};
/* End PBXResourcesBuildPhase section */

/* Begin PBXSourcesBuildPhase section */
		5E4E8AC42AB49409008E1C2D /* Sources */ = {
			isa = PBXSourcesBuildPhase;
			buildActionMask = 2147483647;
			files = (
				5EBFD4A62B0CC3BE00DFAE62 /* Score.swift in Sources */,
				5E4E8B972ABDD891008E1C2D /* CorrectButton.swift in Sources */,
				5E4E8B892ABD9239008E1C2D /* SongList.swift in Sources */,
				5E4E8B8B2ABD9394008E1C2D /* SongRow.swift in Sources */,
				5EB9DA6A2AE2CFDA0072D1FC /* TimerView.swift in Sources */,
				5E4E8B942ABD9DE2008E1C2D /* PlaylistRow.swift in Sources */,
				5E4E8ACE2AB49409008E1C2D /* ContentView.swift in Sources */,
				5EC5A97A2AD83CB800F3849E /* User.swift in Sources */,
				5EBFD4A82B0CEDA100DFAE62 /* ProfileView.swift in Sources */,
				5E4E8B8D2ABD9C22008E1C2D /* PlaylistList.swift in Sources */,
				5E4E8B852ABD908E008E1C2D /* ModelData.swift in Sources */,
				5EBFD4A22B060A5000DFAE62 /* PlaylistDoneButton.swift in Sources */,
				5EBFD4AC2B0CF46300DFAE62 /* TeamBButton.swift in Sources */,
				5E4E8B812ABD904C008E1C2D /* SongDetail.swift in Sources */,
				5EC5A9762AD82FA100F3849E /* WrongButton.swift in Sources */,
				5EBFD4AA2B0CF07E00DFAE62 /* TeamAButton.swift in Sources */,
				5E4E8ACC2AB49409008E1C2D /* music_gameApp.swift in Sources */,
				5E4E8B872ABD90D2008E1C2D /* Song.swift in Sources */,
			);
			runOnlyForDeploymentPostprocessing = 0;
		};
		5E4E8AD52AB4940B008E1C2D /* Sources */ = {
			isa = PBXSourcesBuildPhase;
			buildActionMask = 2147483647;
			files = (
				5E4E8ADE2AB4940B008E1C2D /* music_gameTests.swift in Sources */,
			);
			runOnlyForDeploymentPostprocessing = 0;
		};
		5E4E8ADF2AB4940B008E1C2D /* Sources */ = {
			isa = PBXSourcesBuildPhase;
			buildActionMask = 2147483647;
			files = (
				5E4E8AEA2AB4940B008E1C2D /* music_gameUITestsLaunchTests.swift in Sources */,
				5E4E8AE82AB4940B008E1C2D /* music_gameUITests.swift in Sources */,
			);
			runOnlyForDeploymentPostprocessing = 0;
		};
/* End PBXSourcesBuildPhase section */

/* Begin PBXTargetDependency section */
		5E4E8ADB2AB4940B008E1C2D /* PBXTargetDependency */ = {
			isa = PBXTargetDependency;
			target = 5E4E8AC72AB49409008E1C2D /* music_game */;
			targetProxy = 5E4E8ADA2AB4940B008E1C2D /* PBXContainerItemProxy */;
		};
		5E4E8AE52AB4940B008E1C2D /* PBXTargetDependency */ = {
			isa = PBXTargetDependency;
			target = 5E4E8AC72AB49409008E1C2D /* music_game */;
			targetProxy = 5E4E8AE42AB4940B008E1C2D /* PBXContainerItemProxy */;
		};
/* End PBXTargetDependency section */

/* Begin XCBuildConfiguration section */
		5E4E8AEB2AB4940B008E1C2D /* Debug */ = {
			isa = XCBuildConfiguration;
			buildSettings = {
				ALWAYS_SEARCH_USER_PATHS = NO;
				CLANG_ANALYZER_NONNULL = YES;
				CLANG_ANALYZER_NUMBER_OBJECT_CONVERSION = YES_AGGRESSIVE;
				CLANG_CXX_LANGUAGE_STANDARD = "gnu++20";
				CLANG_ENABLE_MODULES = YES;
				CLANG_ENABLE_OBJC_ARC = YES;
				CLANG_ENABLE_OBJC_WEAK = YES;
				CLANG_WARN_BLOCK_CAPTURE_AUTORELEASING = YES;
				CLANG_WARN_BOOL_CONVERSION = YES;
				CLANG_WARN_COMMA = YES;
				CLANG_WARN_CONSTANT_CONVERSION = YES;
				CLANG_WARN_DEPRECATED_OBJC_IMPLEMENTATIONS = YES;
				CLANG_WARN_DIRECT_OBJC_ISA_USAGE = YES_ERROR;
				CLANG_WARN_DOCUMENTATION_COMMENTS = YES;
				CLANG_WARN_EMPTY_BODY = YES;
				CLANG_WARN_ENUM_CONVERSION = YES;
				CLANG_WARN_INFINITE_RECURSION = YES;
				CLANG_WARN_INT_CONVERSION = YES;
				CLANG_WARN_NON_LITERAL_NULL_CONVERSION = YES;
				CLANG_WARN_OBJC_IMPLICIT_RETAIN_SELF = YES;
				CLANG_WARN_OBJC_LITERAL_CONVERSION = YES;
				CLANG_WARN_OBJC_ROOT_CLASS = YES_ERROR;
				CLANG_WARN_QUOTED_INCLUDE_IN_FRAMEWORK_HEADER = YES;
				CLANG_WARN_RANGE_LOOP_ANALYSIS = YES;
				CLANG_WARN_STRICT_PROTOTYPES = YES;
				CLANG_WARN_SUSPICIOUS_MOVE = YES;
				CLANG_WARN_UNGUARDED_AVAILABILITY = YES_AGGRESSIVE;
				CLANG_WARN_UNREACHABLE_CODE = YES;
				CLANG_WARN__DUPLICATE_METHOD_MATCH = YES;
				COPY_PHASE_STRIP = NO;
				DEAD_CODE_STRIPPING = YES;
				DEBUG_INFORMATION_FORMAT = dwarf;
				ENABLE_STRICT_OBJC_MSGSEND = YES;
				ENABLE_TESTABILITY = YES;
				ENABLE_USER_SCRIPT_SANDBOXING = YES;
				GCC_C_LANGUAGE_STANDARD = gnu11;
				GCC_DYNAMIC_NO_PIC = NO;
				GCC_NO_COMMON_BLOCKS = YES;
				GCC_OPTIMIZATION_LEVEL = 0;
				GCC_PREPROCESSOR_DEFINITIONS = (
					"DEBUG=1",
					"$(inherited)",
				);
				GCC_WARN_64_TO_32_BIT_CONVERSION = YES;
				GCC_WARN_ABOUT_RETURN_TYPE = YES_ERROR;
				GCC_WARN_UNDECLARED_SELECTOR = YES;
				GCC_WARN_UNINITIALIZED_AUTOS = YES_AGGRESSIVE;
				GCC_WARN_UNUSED_FUNCTION = YES;
				GCC_WARN_UNUSED_VARIABLE = YES;
				MTL_ENABLE_DEBUG_INFO = INCLUDE_SOURCE;
				MTL_FAST_MATH = YES;
				ONLY_ACTIVE_ARCH = YES;
				SWIFT_ACTIVE_COMPILATION_CONDITIONS = DEBUG;
				SWIFT_OPTIMIZATION_LEVEL = "-Onone";
			};
			name = Debug;
		};
		5E4E8AEC2AB4940B008E1C2D /* Release */ = {
			isa = XCBuildConfiguration;
			buildSettings = {
				ALWAYS_SEARCH_USER_PATHS = NO;
				CLANG_ANALYZER_NONNULL = YES;
				CLANG_ANALYZER_NUMBER_OBJECT_CONVERSION = YES_AGGRESSIVE;
				CLANG_CXX_LANGUAGE_STANDARD = "gnu++20";
				CLANG_ENABLE_MODULES = YES;
				CLANG_ENABLE_OBJC_ARC = YES;
				CLANG_ENABLE_OBJC_WEAK = YES;
				CLANG_WARN_BLOCK_CAPTURE_AUTORELEASING = YES;
				CLANG_WARN_BOOL_CONVERSION = YES;
				CLANG_WARN_COMMA = YES;
				CLANG_WARN_CONSTANT_CONVERSION = YES;
				CLANG_WARN_DEPRECATED_OBJC_IMPLEMENTATIONS = YES;
				CLANG_WARN_DIRECT_OBJC_ISA_USAGE = YES_ERROR;
				CLANG_WARN_DOCUMENTATION_COMMENTS = YES;
				CLANG_WARN_EMPTY_BODY = YES;
				CLANG_WARN_ENUM_CONVERSION = YES;
				CLANG_WARN_INFINITE_RECURSION = YES;
				CLANG_WARN_INT_CONVERSION = YES;
				CLANG_WARN_NON_LITERAL_NULL_CONVERSION = YES;
				CLANG_WARN_OBJC_IMPLICIT_RETAIN_SELF = YES;
				CLANG_WARN_OBJC_LITERAL_CONVERSION = YES;
				CLANG_WARN_OBJC_ROOT_CLASS = YES_ERROR;
				CLANG_WARN_QUOTED_INCLUDE_IN_FRAMEWORK_HEADER = YES;
				CLANG_WARN_RANGE_LOOP_ANALYSIS = YES;
				CLANG_WARN_STRICT_PROTOTYPES = YES;
				CLANG_WARN_SUSPICIOUS_MOVE = YES;
				CLANG_WARN_UNGUARDED_AVAILABILITY = YES_AGGRESSIVE;
				CLANG_WARN_UNREACHABLE_CODE = YES;
				CLANG_WARN__DUPLICATE_METHOD_MATCH = YES;
				COPY_PHASE_STRIP = NO;
				DEAD_CODE_STRIPPING = YES;
				DEBUG_INFORMATION_FORMAT = "dwarf-with-dsym";
				ENABLE_NS_ASSERTIONS = NO;
				ENABLE_STRICT_OBJC_MSGSEND = YES;
				ENABLE_USER_SCRIPT_SANDBOXING = YES;
				GCC_C_LANGUAGE_STANDARD = gnu11;
				GCC_NO_COMMON_BLOCKS = YES;
				GCC_WARN_64_TO_32_BIT_CONVERSION = YES;
				GCC_WARN_ABOUT_RETURN_TYPE = YES_ERROR;
				GCC_WARN_UNDECLARED_SELECTOR = YES;
				GCC_WARN_UNINITIALIZED_AUTOS = YES_AGGRESSIVE;
				GCC_WARN_UNUSED_FUNCTION = YES;
				GCC_WARN_UNUSED_VARIABLE = YES;
				MTL_ENABLE_DEBUG_INFO = NO;
				MTL_FAST_MATH = YES;
				SWIFT_COMPILATION_MODE = wholemodule;
				SWIFT_OPTIMIZATION_LEVEL = "-O";
			};
			name = Release;
		};
		5E4E8AEE2AB4940B008E1C2D /* Debug */ = {
			isa = XCBuildConfiguration;
			buildSettings = {
				ASSETCATALOG_COMPILER_APPICON_NAME = AppIcon;
				ASSETCATALOG_COMPILER_GLOBAL_ACCENT_COLOR_NAME = AccentColor;
				CODE_SIGN_ENTITLEMENTS = music_game/music_game.entitlements;
				CODE_SIGN_STYLE = Automatic;
				CURRENT_PROJECT_VERSION = 1;
				DEAD_CODE_STRIPPING = YES;
				DEVELOPMENT_ASSET_PATHS = "\"music_game/Preview Content\"";
				DEVELOPMENT_TEAM = 6F4Y24YG85;
				ENABLE_HARDENED_RUNTIME = YES;
				ENABLE_PREVIEWS = YES;
				GENERATE_INFOPLIST_FILE = YES;
				"INFOPLIST_KEY_UIApplicationSceneManifest_Generation[sdk=iphoneos*]" = YES;
				"INFOPLIST_KEY_UIApplicationSceneManifest_Generation[sdk=iphonesimulator*]" = YES;
				"INFOPLIST_KEY_UIApplicationSupportsIndirectInputEvents[sdk=iphoneos*]" = YES;
				"INFOPLIST_KEY_UIApplicationSupportsIndirectInputEvents[sdk=iphonesimulator*]" = YES;
				"INFOPLIST_KEY_UILaunchScreen_Generation[sdk=iphoneos*]" = YES;
				"INFOPLIST_KEY_UILaunchScreen_Generation[sdk=iphonesimulator*]" = YES;
				"INFOPLIST_KEY_UIStatusBarStyle[sdk=iphoneos*]" = UIStatusBarStyleDefault;
				"INFOPLIST_KEY_UIStatusBarStyle[sdk=iphonesimulator*]" = UIStatusBarStyleDefault;
				INFOPLIST_KEY_UISupportedInterfaceOrientations_iPad = "UIInterfaceOrientationPortrait UIInterfaceOrientationPortraitUpsideDown UIInterfaceOrientationLandscapeLeft UIInterfaceOrientationLandscapeRight";
				INFOPLIST_KEY_UISupportedInterfaceOrientations_iPhone = "UIInterfaceOrientationPortrait UIInterfaceOrientationLandscapeLeft UIInterfaceOrientationLandscapeRight";
				IPHONEOS_DEPLOYMENT_TARGET = 16.4;
				LD_RUNPATH_SEARCH_PATHS = "@executable_path/Frameworks";
				"LD_RUNPATH_SEARCH_PATHS[sdk=macosx*]" = "@executable_path/../Frameworks";
				MACOSX_DEPLOYMENT_TARGET = 13.3;
				MARKETING_VERSION = 1.0;
				PRODUCT_BUNDLE_IDENTIFIER = "svc.music-game";
				PRODUCT_NAME = "$(TARGET_NAME)";
				SDKROOT = auto;
				SUPPORTED_PLATFORMS = "iphoneos iphonesimulator";
				SUPPORTS_MACCATALYST = NO;
				SUPPORTS_MAC_DESIGNED_FOR_IPHONE_IPAD = NO;
				SWIFT_EMIT_LOC_STRINGS = YES;
				SWIFT_VERSION = 5.0;
				TARGETED_DEVICE_FAMILY = "1,2";
			};
			name = Debug;
		};
		5E4E8AEF2AB4940B008E1C2D /* Release */ = {
			isa = XCBuildConfiguration;
			buildSettings = {
				ASSETCATALOG_COMPILER_APPICON_NAME = AppIcon;
				ASSETCATALOG_COMPILER_GLOBAL_ACCENT_COLOR_NAME = AccentColor;
				CODE_SIGN_ENTITLEMENTS = music_game/music_game.entitlements;
				CODE_SIGN_STYLE = Automatic;
				CURRENT_PROJECT_VERSION = 1;
				DEAD_CODE_STRIPPING = YES;
				DEVELOPMENT_ASSET_PATHS = "\"music_game/Preview Content\"";
				DEVELOPMENT_TEAM = 6F4Y24YG85;
				ENABLE_HARDENED_RUNTIME = YES;
				ENABLE_PREVIEWS = YES;
				GENERATE_INFOPLIST_FILE = YES;
				"INFOPLIST_KEY_UIApplicationSceneManifest_Generation[sdk=iphoneos*]" = YES;
				"INFOPLIST_KEY_UIApplicationSceneManifest_Generation[sdk=iphonesimulator*]" = YES;
				"INFOPLIST_KEY_UIApplicationSupportsIndirectInputEvents[sdk=iphoneos*]" = YES;
				"INFOPLIST_KEY_UIApplicationSupportsIndirectInputEvents[sdk=iphonesimulator*]" = YES;
				"INFOPLIST_KEY_UILaunchScreen_Generation[sdk=iphoneos*]" = YES;
				"INFOPLIST_KEY_UILaunchScreen_Generation[sdk=iphonesimulator*]" = YES;
				"INFOPLIST_KEY_UIStatusBarStyle[sdk=iphoneos*]" = UIStatusBarStyleDefault;
				"INFOPLIST_KEY_UIStatusBarStyle[sdk=iphonesimulator*]" = UIStatusBarStyleDefault;
				INFOPLIST_KEY_UISupportedInterfaceOrientations_iPad = "UIInterfaceOrientationPortrait UIInterfaceOrientationPortraitUpsideDown UIInterfaceOrientationLandscapeLeft UIInterfaceOrientationLandscapeRight";
				INFOPLIST_KEY_UISupportedInterfaceOrientations_iPhone = "UIInterfaceOrientationPortrait UIInterfaceOrientationLandscapeLeft UIInterfaceOrientationLandscapeRight";
				IPHONEOS_DEPLOYMENT_TARGET = 16.4;
				LD_RUNPATH_SEARCH_PATHS = "@executable_path/Frameworks";
				"LD_RUNPATH_SEARCH_PATHS[sdk=macosx*]" = "@executable_path/../Frameworks";
				MACOSX_DEPLOYMENT_TARGET = 13.3;
				MARKETING_VERSION = 1.0;
				PRODUCT_BUNDLE_IDENTIFIER = "svc.music-game";
				PRODUCT_NAME = "$(TARGET_NAME)";
				SDKROOT = auto;
				SUPPORTED_PLATFORMS = "iphoneos iphonesimulator";
				SUPPORTS_MACCATALYST = NO;
				SUPPORTS_MAC_DESIGNED_FOR_IPHONE_IPAD = NO;
				SWIFT_EMIT_LOC_STRINGS = YES;
				SWIFT_VERSION = 5.0;
				TARGETED_DEVICE_FAMILY = "1,2";
			};
			name = Release;
		};
		5E4E8AF12AB4940B008E1C2D /* Debug */ = {
			isa = XCBuildConfiguration;
			buildSettings = {
				ALWAYS_EMBED_SWIFT_STANDARD_LIBRARIES = YES;
				BUNDLE_LOADER = "$(TEST_HOST)";
				CODE_SIGN_STYLE = Automatic;
				CURRENT_PROJECT_VERSION = 1;
				DEAD_CODE_STRIPPING = YES;
				DEVELOPMENT_TEAM = 6F4Y24YG85;
				GENERATE_INFOPLIST_FILE = YES;
				IPHONEOS_DEPLOYMENT_TARGET = 16.4;
				MACOSX_DEPLOYMENT_TARGET = 13.3;
				MARKETING_VERSION = 1.0;
				PRODUCT_BUNDLE_IDENTIFIER = "svc.music-gameTests";
				PRODUCT_NAME = "$(TARGET_NAME)";
				SDKROOT = auto;
				SUPPORTED_PLATFORMS = "iphoneos iphonesimulator macosx";
				SWIFT_EMIT_LOC_STRINGS = NO;
				SWIFT_VERSION = 5.0;
				TARGETED_DEVICE_FAMILY = "1,2";
				TEST_HOST = "$(BUILT_PRODUCTS_DIR)/music_game.app/$(BUNDLE_EXECUTABLE_FOLDER_PATH)/music_game";
			};
			name = Debug;
		};
		5E4E8AF22AB4940B008E1C2D /* Release */ = {
			isa = XCBuildConfiguration;
			buildSettings = {
				ALWAYS_EMBED_SWIFT_STANDARD_LIBRARIES = YES;
				BUNDLE_LOADER = "$(TEST_HOST)";
				CODE_SIGN_STYLE = Automatic;
				CURRENT_PROJECT_VERSION = 1;
				DEAD_CODE_STRIPPING = YES;
				DEVELOPMENT_TEAM = 6F4Y24YG85;
				GENERATE_INFOPLIST_FILE = YES;
				IPHONEOS_DEPLOYMENT_TARGET = 16.4;
				MACOSX_DEPLOYMENT_TARGET = 13.3;
				MARKETING_VERSION = 1.0;
				PRODUCT_BUNDLE_IDENTIFIER = "svc.music-gameTests";
				PRODUCT_NAME = "$(TARGET_NAME)";
				SDKROOT = auto;
				SUPPORTED_PLATFORMS = "iphoneos iphonesimulator macosx";
				SWIFT_EMIT_LOC_STRINGS = NO;
				SWIFT_VERSION = 5.0;
				TARGETED_DEVICE_FAMILY = "1,2";
				TEST_HOST = "$(BUILT_PRODUCTS_DIR)/music_game.app/$(BUNDLE_EXECUTABLE_FOLDER_PATH)/music_game";
			};
			name = Release;
		};
		5E4E8AF42AB4940B008E1C2D /* Debug */ = {
			isa = XCBuildConfiguration;
			buildSettings = {
				ALWAYS_EMBED_SWIFT_STANDARD_LIBRARIES = YES;
				CODE_SIGN_STYLE = Automatic;
				CURRENT_PROJECT_VERSION = 1;
				DEAD_CODE_STRIPPING = YES;
				DEVELOPMENT_TEAM = 6F4Y24YG85;
				GENERATE_INFOPLIST_FILE = YES;
				IPHONEOS_DEPLOYMENT_TARGET = 16.4;
				MACOSX_DEPLOYMENT_TARGET = 13.3;
				MARKETING_VERSION = 1.0;
				PRODUCT_BUNDLE_IDENTIFIER = "svc.music-gameUITests";
				PRODUCT_NAME = "$(TARGET_NAME)";
				SDKROOT = auto;
				SUPPORTED_PLATFORMS = "iphoneos iphonesimulator macosx";
				SWIFT_EMIT_LOC_STRINGS = NO;
				SWIFT_VERSION = 5.0;
				TARGETED_DEVICE_FAMILY = "1,2";
				TEST_TARGET_NAME = music_game;
			};
			name = Debug;
		};
		5E4E8AF52AB4940B008E1C2D /* Release */ = {
			isa = XCBuildConfiguration;
			buildSettings = {
				ALWAYS_EMBED_SWIFT_STANDARD_LIBRARIES = YES;
				CODE_SIGN_STYLE = Automatic;
				CURRENT_PROJECT_VERSION = 1;
				DEAD_CODE_STRIPPING = YES;
				DEVELOPMENT_TEAM = 6F4Y24YG85;
				GENERATE_INFOPLIST_FILE = YES;
				IPHONEOS_DEPLOYMENT_TARGET = 16.4;
				MACOSX_DEPLOYMENT_TARGET = 13.3;
				MARKETING_VERSION = 1.0;
				PRODUCT_BUNDLE_IDENTIFIER = "svc.music-gameUITests";
				PRODUCT_NAME = "$(TARGET_NAME)";
				SDKROOT = auto;
				SUPPORTED_PLATFORMS = "iphoneos iphonesimulator macosx";
				SWIFT_EMIT_LOC_STRINGS = NO;
				SWIFT_VERSION = 5.0;
				TARGETED_DEVICE_FAMILY = "1,2";
				TEST_TARGET_NAME = music_game;
			};
			name = Release;
		};
/* End XCBuildConfiguration section */

/* Begin XCConfigurationList section */
		5E4E8AC32AB49409008E1C2D /* Build configuration list for PBXProject "music_game" */ = {
			isa = XCConfigurationList;
			buildConfigurations = (
				5E4E8AEB2AB4940B008E1C2D /* Debug */,
				5E4E8AEC2AB4940B008E1C2D /* Release */,
			);
			defaultConfigurationIsVisible = 0;
			defaultConfigurationName = Release;
		};
		5E4E8AED2AB4940B008E1C2D /* Build configuration list for PBXNativeTarget "music_game" */ = {
			isa = XCConfigurationList;
			buildConfigurations = (
				5E4E8AEE2AB4940B008E1C2D /* Debug */,
				5E4E8AEF2AB4940B008E1C2D /* Release */,
			);
			defaultConfigurationIsVisible = 0;
			defaultConfigurationName = Release;
		};
		5E4E8AF02AB4940B008E1C2D /* Build configuration list for PBXNativeTarget "music_gameTests" */ = {
			isa = XCConfigurationList;
			buildConfigurations = (
				5E4E8AF12AB4940B008E1C2D /* Debug */,
				5E4E8AF22AB4940B008E1C2D /* Release */,
			);
			defaultConfigurationIsVisible = 0;
			defaultConfigurationName = Release;
		};
		5E4E8AF32AB4940B008E1C2D /* Build configuration list for PBXNativeTarget "music_gameUITests" */ = {
			isa = XCConfigurationList;
			buildConfigurations = (
				5E4E8AF42AB4940B008E1C2D /* Debug */,
				5E4E8AF52AB4940B008E1C2D /* Release */,
			);
			defaultConfigurationIsVisible = 0;
			defaultConfigurationName = Release;
		};
/* End XCConfigurationList section */
	};
	rootObject = 5E4E8AC02AB49409008E1C2D /* Project object */;
}
